
Microsoft Visual Studio Solution File, Format Version 12.00
# Visual Studio Version 17
VisualStudioVersion = 17.9.34728.123
MinimumVisualStudioVersion = 10.0.40219.1
Project("{FAE04EC0-301F-11D3-BF4B-00C04F79EFBC}") = "WebShop.MVC", "WebShop.MVC.csproj", "{74543957-5F5E-49A4-9B24-0D32B0A3CAD2}"
EndProject
Global
	GlobalSection(SolutionConfigurationPlatforms) = preSolution
		Debug|Any CPU = Debug|Any CPU
		Release|Any CPU = Release|Any CPU
	EndGlobalSection
	GlobalSection(ProjectConfigurationPlatforms) = postSolution
		{74543957-5F5E-49A4-9B24-0D32B0A3CAD2}.Debug|Any CPU.ActiveCfg = Debug|Any CPU
		{74543957-5F5E-49A4-9B24-0D32B0A3CAD2}.Debug|Any CPU.Build.0 = Debug|Any CPU
		{74543957-5F5E-49A4-9B24-0D32B0A3CAD2}.Release|Any CPU.ActiveCfg = Release|Any CPU
		{74543957-5F5E-49A4-9B24-0D32B0A3CAD2}.Release|Any CPU.Build.0 = Release|Any CPU
	EndGlobalSection
	GlobalSection(SolutionProperties) = preSolution
		HideSolutionNode = FALSE
	EndGlobalSection
	GlobalSection(ExtensibilityGlobals) = postSolution
		SolutionGuid = {33ECB9E8-776D-4BE7-A7C9-7D3B55D2FCAA}
	EndGlobalSection
EndGlobal
